// !$*UTF8*$!
{
	archiveVersion = 1;
	classes = {
	};
	objectVersion = 56;
	objects = {

/* Begin PBXBuildFile section */
		D8581EAE2920865D00BA05DF /* ReplicatingCharactersView.swift in Sources */ = {isa = PBXBuildFile; fileRef = D8581EAD2920865D00BA05DF /* ReplicatingCharactersView.swift */; };
		D8581ED52921807700BA05DF /* CloudStorage.swift in Sources */ = {isa = PBXBuildFile; fileRef = D8581ED42921807700BA05DF /* CloudStorage.swift */; };
		D875535F29200BB4005A908A /* MainApp.swift in Sources */ = {isa = PBXBuildFile; fileRef = D875535E29200BB4005A908A /* MainApp.swift */; };
		D875536129200BB4005A908A /* ContentView.swift in Sources */ = {isa = PBXBuildFile; fileRef = D875536029200BB4005A908A /* ContentView.swift */; };
		D875536329200BB5005A908A /* Assets.xcassets in Resources */ = {isa = PBXBuildFile; fileRef = D875536229200BB5005A908A /* Assets.xcassets */; };
		D875536729200BB5005A908A /* Preview Assets.xcassets in Resources */ = {isa = PBXBuildFile; fileRef = D875536629200BB5005A908A /* Preview Assets.xcassets */; };
		D875537129200C96005A908A /* Replicable in Frameworks */ = {isa = PBXBuildFile; productRef = D875537029200C96005A908A /* Replicable */; };
		D875537429200D21005A908A /* AppStore.swift in Sources */ = {isa = PBXBuildFile; fileRef = D875537329200D21005A908A /* AppStore.swift */; };
		D875537629200DBD005A908A /* LocalStorage.swift in Sources */ = {isa = PBXBuildFile; fileRef = D875537529200DBD005A908A /* LocalStorage.swift */; };
		D875537A29201396005A908A /* Extensions.swift in Sources */ = {isa = PBXBuildFile; fileRef = D875537929201396005A908A /* Extensions.swift */; };
		D875537C292013B6005A908A /* Types.swift in Sources */ = {isa = PBXBuildFile; fileRef = D875537B292013B6005A908A /* Types.swift */; };
/* End PBXBuildFile section */

/* Begin PBXFileReference section */
		D8581EAD2920865D00BA05DF /* ReplicatingCharactersView.swift */ = {isa = PBXFileReference; lastKnownFileType = sourcecode.swift; path = ReplicatingCharactersView.swift; sourceTree = "<group>"; };
		D8581ED42921807700BA05DF /* CloudStorage.swift */ = {isa = PBXFileReference; lastKnownFileType = sourcecode.swift; path = CloudStorage.swift; sourceTree = "<group>"; };
		D8581ED62921852A00BA05DF /* Info.plist */ = {isa = PBXFileReference; lastKnownFileType = text.plist; path = Info.plist; sourceTree = "<group>"; };
		D875535B29200BB4005A908A /* LittleNotes.app */ = {isa = PBXFileReference; explicitFileType = wrapper.application; includeInIndex = 0; path = LittleNotes.app; sourceTree = BUILT_PRODUCTS_DIR; };
		D875535E29200BB4005A908A /* MainApp.swift */ = {isa = PBXFileReference; lastKnownFileType = sourcecode.swift; path = MainApp.swift; sourceTree = "<group>"; };
		D875536029200BB4005A908A /* ContentView.swift */ = {isa = PBXFileReference; lastKnownFileType = sourcecode.swift; path = ContentView.swift; sourceTree = "<group>"; };
		D875536229200BB5005A908A /* Assets.xcassets */ = {isa = PBXFileReference; lastKnownFileType = folder.assetcatalog; path = Assets.xcassets; sourceTree = "<group>"; };
		D875536429200BB5005A908A /* LittleNotes.entitlements */ = {isa = PBXFileReference; lastKnownFileType = text.plist.entitlements; path = LittleNotes.entitlements; sourceTree = "<group>"; };
		D875536629200BB5005A908A /* Preview Assets.xcassets */ = {isa = PBXFileReference; lastKnownFileType = folder.assetcatalog; path = "Preview Assets.xcassets"; sourceTree = "<group>"; };
		D875536E29200C55005A908A /* Replicable */ = {isa = PBXFileReference; lastKnownFileType = wrapper; name = Replicable; path = ../..; sourceTree = "<group>"; };
		D875537329200D21005A908A /* AppStore.swift */ = {isa = PBXFileReference; lastKnownFileType = sourcecode.swift; path = AppStore.swift; sourceTree = "<group>"; };
		D875537529200DBD005A908A /* LocalStorage.swift */ = {isa = PBXFileReference; lastKnownFileType = sourcecode.swift; path = LocalStorage.swift; sourceTree = "<group>"; };
		D875537929201396005A908A /* Extensions.swift */ = {isa = PBXFileReference; lastKnownFileType = sourcecode.swift; path = Extensions.swift; sourceTree = "<group>"; };
		D875537B292013B6005A908A /* Types.swift */ = {isa = PBXFileReference; lastKnownFileType = sourcecode.swift; path = Types.swift; sourceTree = "<group>"; };
/* End PBXFileReference section */

/* Begin PBXFrameworksBuildPhase section */
		D875535829200BB4005A908A /* Frameworks */ = {
			isa = PBXFrameworksBuildPhase;
			buildActionMask = 2147483647;
			files = (
				D875537129200C96005A908A /* Replicable in Frameworks */,
			);
			runOnlyForDeploymentPostprocessing = 0;
		};
/* End PBXFrameworksBuildPhase section */

/* Begin PBXGroup section */
		D875535229200BB4005A908A = {
			isa = PBXGroup;
			children = (
				D875535D29200BB4005A908A /* LittleNotes */,
				D875536D29200C55005A908A /* Packages */,
				D875535C29200BB4005A908A /* Products */,
				D875536F29200C96005A908A /* Frameworks */,
			);
			sourceTree = "<group>";
		};
		D875535C29200BB4005A908A /* Products */ = {
			isa = PBXGroup;
			children = (
				D875535B29200BB4005A908A /* LittleNotes.app */,
			);
			name = Products;
			sourceTree = "<group>";
		};
		D875535D29200BB4005A908A /* LittleNotes */ = {
			isa = PBXGroup;
			children = (
				D8581ED62921852A00BA05DF /* Info.plist */,
				D875535E29200BB4005A908A /* MainApp.swift */,
				D875536029200BB4005A908A /* ContentView.swift */,
				D875537229200D13005A908A /* Store */,
				D875537929201396005A908A /* Extensions.swift */,
				D875536229200BB5005A908A /* Assets.xcassets */,
				D875536429200BB5005A908A /* LittleNotes.entitlements */,
				D875536529200BB5005A908A /* Preview Content */,
				D8581EAD2920865D00BA05DF /* ReplicatingCharactersView.swift */,
			);
			path = LittleNotes;
			sourceTree = "<group>";
		};
		D875536529200BB5005A908A /* Preview Content */ = {
			isa = PBXGroup;
			children = (
				D875536629200BB5005A908A /* Preview Assets.xcassets */,
			);
			path = "Preview Content";
			sourceTree = "<group>";
		};
		D875536D29200C55005A908A /* Packages */ = {
			isa = PBXGroup;
			children = (
				D875536E29200C55005A908A /* Replicable */,
			);
			name = Packages;
			sourceTree = "<group>";
		};
		D875536F29200C96005A908A /* Frameworks */ = {
			isa = PBXGroup;
			children = (
			);
			name = Frameworks;
			sourceTree = "<group>";
		};
		D875537229200D13005A908A /* Store */ = {
			isa = PBXGroup;
			children = (
				D875537329200D21005A908A /* AppStore.swift */,
				D875537529200DBD005A908A /* LocalStorage.swift */,
				D8581ED42921807700BA05DF /* CloudStorage.swift */,
				D875537B292013B6005A908A /* Types.swift */,
			);
			path = Store;
			sourceTree = "<group>";
		};
/* End PBXGroup section */

/* Begin PBXNativeTarget section */
		D875535A29200BB4005A908A /* LittleNotes */ = {
			isa = PBXNativeTarget;
			buildConfigurationList = D875536A29200BB5005A908A /* Build configuration list for PBXNativeTarget "LittleNotes" */;
			buildPhases = (
				D875535729200BB4005A908A /* Sources */,
				D875535829200BB4005A908A /* Frameworks */,
				D875535929200BB4005A908A /* Resources */,
			);
			buildRules = (
			);
			dependencies = (
			);
			name = LittleNotes;
			packageProductDependencies = (
				D875537029200C96005A908A /* Replicable */,
			);
			productName = LittleNotes;
			productReference = D875535B29200BB4005A908A /* LittleNotes.app */;
			productType = "com.apple.product-type.application";
		};
/* End PBXNativeTarget section */

/* Begin PBXProject section */
		D875535329200BB4005A908A /* Project object */ = {
			isa = PBXProject;
			attributes = {
				BuildIndependentTargetsInParallel = 1;
				LastSwiftUpdateCheck = 1410;
				LastUpgradeCheck = 1410;
				TargetAttributes = {
					D875535A29200BB4005A908A = {
						CreatedOnToolsVersion = 14.1;
					};
				};
			};
			buildConfigurationList = D875535629200BB4005A908A /* Build configuration list for PBXProject "LittleNotes" */;
			compatibilityVersion = "Xcode 14.0";
			developmentRegion = en;
			hasScannedForEncodings = 0;
			knownRegions = (
				en,
				Base,
			);
			mainGroup = D875535229200BB4005A908A;
			productRefGroup = D875535C29200BB4005A908A /* Products */;
			projectDirPath = "";
			projectRoot = "";
			targets = (
				D875535A29200BB4005A908A /* LittleNotes */,
			);
		};
/* End PBXProject section */

/* Begin PBXResourcesBuildPhase section */
		D875535929200BB4005A908A /* Resources */ = {
			isa = PBXResourcesBuildPhase;
			buildActionMask = 2147483647;
			files = (
				D875536729200BB5005A908A /* Preview Assets.xcassets in Resources */,
				D875536329200BB5005A908A /* Assets.xcassets in Resources */,
			);
			runOnlyForDeploymentPostprocessing = 0;
		};
/* End PBXResourcesBuildPhase section */

/* Begin PBXSourcesBuildPhase section */
		D875535729200BB4005A908A /* Sources */ = {
			isa = PBXSourcesBuildPhase;
			buildActionMask = 2147483647;
			files = (
				D875537429200D21005A908A /* AppStore.swift in Sources */,
				D8581ED52921807700BA05DF /* CloudStorage.swift in Sources */,
				D875537A29201396005A908A /* Extensions.swift in Sources */,
				D875536129200BB4005A908A /* ContentView.swift in Sources */,
				D875537C292013B6005A908A /* Types.swift in Sources */,
				D875535F29200BB4005A908A /* MainApp.swift in Sources */,
				D875537629200DBD005A908A /* LocalStorage.swift in Sources */,
				D8581EAE2920865D00BA05DF /* ReplicatingCharactersView.swift in Sources */,
			);
			runOnlyForDeploymentPostprocessing = 0;
		};
/* End PBXSourcesBuildPhase section */

/* Begin XCBuildConfiguration section */
		D875536829200BB5005A908A /* Debug */ = {
			isa = XCBuildConfiguration;
			buildSettings = {
				ALWAYS_SEARCH_USER_PATHS = NO;
				CLANG_ANALYZER_NONNULL = YES;
				CLANG_ANALYZER_NUMBER_OBJECT_CONVERSION = YES_AGGRESSIVE;
				CLANG_CXX_LANGUAGE_STANDARD = "gnu++20";
				CLANG_ENABLE_MODULES = YES;
				CLANG_ENABLE_OBJC_ARC = YES;
				CLANG_ENABLE_OBJC_WEAK = YES;
				CLANG_WARN_BLOCK_CAPTURE_AUTORELEASING = YES;
				CLANG_WARN_BOOL_CONVERSION = YES;
				CLANG_WARN_COMMA = YES;
				CLANG_WARN_CONSTANT_CONVERSION = YES;
				CLANG_WARN_DEPRECATED_OBJC_IMPLEMENTATIONS = YES;
				CLANG_WARN_DIRECT_OBJC_ISA_USAGE = YES_ERROR;
				CLANG_WARN_DOCUMENTATION_COMMENTS = YES;
				CLANG_WARN_EMPTY_BODY = YES;
				CLANG_WARN_ENUM_CONVERSION = YES;
				CLANG_WARN_INFINITE_RECURSION = YES;
				CLANG_WARN_INT_CONVERSION = YES;
				CLANG_WARN_NON_LITERAL_NULL_CONVERSION = YES;
				CLANG_WARN_OBJC_IMPLICIT_RETAIN_SELF = YES;
				CLANG_WARN_OBJC_LITERAL_CONVERSION = YES;
				CLANG_WARN_OBJC_ROOT_CLASS = YES_ERROR;
				CLANG_WARN_QUOTED_INCLUDE_IN_FRAMEWORK_HEADER = YES;
				CLANG_WARN_RANGE_LOOP_ANALYSIS = YES;
				CLANG_WARN_STRICT_PROTOTYPES = YES;
				CLANG_WARN_SUSPICIOUS_MOVE = YES;
				CLANG_WARN_UNGUARDED_AVAILABILITY = YES_AGGRESSIVE;
				CLANG_WARN_UNREACHABLE_CODE = YES;
				CLANG_WARN__DUPLICATE_METHOD_MATCH = YES;
				COPY_PHASE_STRIP = NO;
				DEBUG_INFORMATION_FORMAT = dwarf;
				ENABLE_STRICT_OBJC_MSGSEND = YES;
				ENABLE_TESTABILITY = YES;
				GCC_C_LANGUAGE_STANDARD = gnu11;
				GCC_DYNAMIC_NO_PIC = NO;
				GCC_NO_COMMON_BLOCKS = YES;
				GCC_OPTIMIZATION_LEVEL = 0;
				GCC_PREPROCESSOR_DEFINITIONS = (
					"DEBUG=1",
					"$(inherited)",
				);
				GCC_WARN_64_TO_32_BIT_CONVERSION = YES;
				GCC_WARN_ABOUT_RETURN_TYPE = YES_ERROR;
				GCC_WARN_UNDECLARED_SELECTOR = YES;
				GCC_WARN_UNINITIALIZED_AUTOS = YES_AGGRESSIVE;
				GCC_WARN_UNUSED_FUNCTION = YES;
				GCC_WARN_UNUSED_VARIABLE = YES;
				MTL_ENABLE_DEBUG_INFO = INCLUDE_SOURCE;
				MTL_FAST_MATH = YES;
				ONLY_ACTIVE_ARCH = YES;
				SWIFT_ACTIVE_COMPILATION_CONDITIONS = DEBUG;
				SWIFT_OPTIMIZATION_LEVEL = "-Onone";
			};
			name = Debug;
		};
		D875536929200BB5005A908A /* Release */ = {
			isa = XCBuildConfiguration;
			buildSettings = {
				ALWAYS_SEARCH_USER_PATHS = NO;
				CLANG_ANALYZER_NONNULL = YES;
				CLANG_ANALYZER_NUMBER_OBJECT_CONVERSION = YES_AGGRESSIVE;
				CLANG_CXX_LANGUAGE_STANDARD = "gnu++20";
				CLANG_ENABLE_MODULES = YES;
				CLANG_ENABLE_OBJC_ARC = YES;
				CLANG_ENABLE_OBJC_WEAK = YES;
				CLANG_WARN_BLOCK_CAPTURE_AUTORELEASING = YES;
				CLANG_WARN_BOOL_CONVERSION = YES;
				CLANG_WARN_COMMA = YES;
				CLANG_WARN_CONSTANT_CONVERSION = YES;
				CLANG_WARN_DEPRECATED_OBJC_IMPLEMENTATIONS = YES;
				CLANG_WARN_DIRECT_OBJC_ISA_USAGE = YES_ERROR;
				CLANG_WARN_DOCUMENTATION_COMMENTS = YES;
				CLANG_WARN_EMPTY_BODY = YES;
				CLANG_WARN_ENUM_CONVERSION = YES;
				CLANG_WARN_INFINITE_RECURSION = YES;
				CLANG_WARN_INT_CONVERSION = YES;
				CLANG_WARN_NON_LITERAL_NULL_CONVERSION = YES;
				CLANG_WARN_OBJC_IMPLICIT_RETAIN_SELF = YES;
				CLANG_WARN_OBJC_LITERAL_CONVERSION = YES;
				CLANG_WARN_OBJC_ROOT_CLASS = YES_ERROR;
				CLANG_WARN_QUOTED_INCLUDE_IN_FRAMEWORK_HEADER = YES;
				CLANG_WARN_RANGE_LOOP_ANALYSIS = YES;
				CLANG_WARN_STRICT_PROTOTYPES = YES;
				CLANG_WARN_SUSPICIOUS_MOVE = YES;
				CLANG_WARN_UNGUARDED_AVAILABILITY = YES_AGGRESSIVE;
				CLANG_WARN_UNREACHABLE_CODE = YES;
				CLANG_WARN__DUPLICATE_METHOD_MATCH = YES;
				COPY_PHASE_STRIP = NO;
				DEBUG_INFORMATION_FORMAT = "dwarf-with-dsym";
				ENABLE_NS_ASSERTIONS = NO;
				ENABLE_STRICT_OBJC_MSGSEND = YES;
				GCC_C_LANGUAGE_STANDARD = gnu11;
				GCC_NO_COMMON_BLOCKS = YES;
				GCC_WARN_64_TO_32_BIT_CONVERSION = YES;
				GCC_WARN_ABOUT_RETURN_TYPE = YES_ERROR;
				GCC_WARN_UNDECLARED_SELECTOR = YES;
				GCC_WARN_UNINITIALIZED_AUTOS = YES_AGGRESSIVE;
				GCC_WARN_UNUSED_FUNCTION = YES;
				GCC_WARN_UNUSED_VARIABLE = YES;
				MTL_ENABLE_DEBUG_INFO = NO;
				MTL_FAST_MATH = YES;
				SWIFT_COMPILATION_MODE = wholemodule;
				SWIFT_OPTIMIZATION_LEVEL = "-O";
			};
			name = Release;
		};
		D875536B29200BB5005A908A /* Debug */ = {
			isa = XCBuildConfiguration;
			buildSettings = {
				ASSETCATALOG_COMPILER_APPICON_NAME = AppIcon;
				ASSETCATALOG_COMPILER_GLOBAL_ACCENT_COLOR_NAME = AccentColor;
				CODE_SIGN_ENTITLEMENTS = LittleNotes/LittleNotes.entitlements;
				CODE_SIGN_STYLE = Automatic;
				CURRENT_PROJECT_VERSION = 1;
				DEVELOPMENT_ASSET_PATHS = "\"LittleNotes/Preview Content\"";
				DEVELOPMENT_TEAM = 294VZ3T33E;
				ENABLE_HARDENED_RUNTIME = YES;
				ENABLE_PREVIEWS = YES;
				GENERATE_INFOPLIST_FILE = YES;
				INFOPLIST_FILE = LittleNotes/Info.plist;
				"INFOPLIST_KEY_UIApplicationSceneManifest_Generation[sdk=iphoneos*]" = YES;
				"INFOPLIST_KEY_UIApplicationSceneManifest_Generation[sdk=iphonesimulator*]" = YES;
				"INFOPLIST_KEY_UIApplicationSupportsIndirectInputEvents[sdk=iphoneos*]" = YES;
				"INFOPLIST_KEY_UIApplicationSupportsIndirectInputEvents[sdk=iphonesimulator*]" = YES;
				"INFOPLIST_KEY_UILaunchScreen_Generation[sdk=iphoneos*]" = YES;
				"INFOPLIST_KEY_UILaunchScreen_Generation[sdk=iphonesimulator*]" = YES;
				"INFOPLIST_KEY_UIStatusBarStyle[sdk=iphoneos*]" = UIStatusBarStyleDefault;
				"INFOPLIST_KEY_UIStatusBarStyle[sdk=iphonesimulator*]" = UIStatusBarStyleDefault;
				INFOPLIST_KEY_UISupportedInterfaceOrientations_iPad = "UIInterfaceOrientationPortrait UIInterfaceOrientationPortraitUpsideDown UIInterfaceOrientationLandscapeLeft UIInterfaceOrientationLandscapeRight";
				INFOPLIST_KEY_UISupportedInterfaceOrientations_iPhone = "UIInterfaceOrientationPortrait UIInterfaceOrientationLandscapeLeft UIInterfaceOrientationLandscapeRight";
				IPHONEOS_DEPLOYMENT_TARGET = 16.1;
				LD_RUNPATH_SEARCH_PATHS = "@executable_path/Frameworks";
				"LD_RUNPATH_SEARCH_PATHS[sdk=macosx*]" = "@executable_path/../Frameworks";
				MACOSX_DEPLOYMENT_TARGET = 13.0;
				MARKETING_VERSION = 1.0;
				PRODUCT_BUNDLE_IDENTIFIER = run.nathan.LittleNotes;
				PRODUCT_NAME = "$(TARGET_NAME)";
				SDKROOT = auto;
				SUPPORTED_PLATFORMS = "iphoneos iphonesimulator macosx";
				SWIFT_EMIT_LOC_STRINGS = YES;
				SWIFT_VERSION = 5.0;
				TARGETED_DEVICE_FAMILY = "1,2";
			};
			name = Debug;
		};
		D875536C29200BB5005A908A /* Release */ = {
			isa = XCBuildConfiguration;
			buildSettings = {
				ASSETCATALOG_COMPILER_APPICON_NAME = AppIcon;
				ASSETCATALOG_COMPILER_GLOBAL_ACCENT_COLOR_NAME = AccentColor;
				CODE_SIGN_ENTITLEMENTS = LittleNotes/LittleNotes.entitlements;
				CODE_SIGN_STYLE = Automatic;
				CURRENT_PROJECT_VERSION = 1;
				DEVELOPMENT_ASSET_PATHS = "\"LittleNotes/Preview Content\"";
				DEVELOPMENT_TEAM = 294VZ3T33E;
				ENABLE_HARDENED_RUNTIME = YES;
				ENABLE_PREVIEWS = YES;
				GENERATE_INFOPLIST_FILE = YES;
				INFOPLIST_FILE = LittleNotes/Info.plist;
				"INFOPLIST_KEY_UIApplicationSceneManifest_Generation[sdk=iphoneos*]" = YES;
				"INFOPLIST_KEY_UIApplicationSceneManifest_Generation[sdk=iphonesimulator*]" = YES;
				"INFOPLIST_KEY_UIApplicationSupportsIndirectInputEvents[sdk=iphoneos*]" = YES;
				"INFOPLIST_KEY_UIApplicationSupportsIndirectInputEvents[sdk=iphonesimulator*]" = YES;
				"INFOPLIST_KEY_UILaunchScreen_Generation[sdk=iphoneos*]" = YES;
				"INFOPLIST_KEY_UILaunchScreen_Generation[sdk=iphonesimulator*]" = YES;
				"INFOPLIST_KEY_UIStatusBarStyle[sdk=iphoneos*]" = UIStatusBarStyleDefault;
				"INFOPLIST_KEY_UIStatusBarStyle[sdk=iphonesimulator*]" = UIStatusBarStyleDefault;
				INFOPLIST_KEY_UISupportedInterfaceOrientations_iPad = "UIInterfaceOrientationPortrait UIInterfaceOrientationPortraitUpsideDown UIInterfaceOrientationLandscapeLeft UIInterfaceOrientationLandscapeRight";
				INFOPLIST_KEY_UISupportedInterfaceOrientations_iPhone = "UIInterfaceOrientationPortrait UIInterfaceOrientationLandscapeLeft UIInterfaceOrientationLandscapeRight";
				IPHONEOS_DEPLOYMENT_TARGET = 16.1;
				LD_RUNPATH_SEARCH_PATHS = "@executable_path/Frameworks";
				"LD_RUNPATH_SEARCH_PATHS[sdk=macosx*]" = "@executable_path/../Frameworks";
				MACOSX_DEPLOYMENT_TARGET = 13.0;
				MARKETING_VERSION = 1.0;
				PRODUCT_BUNDLE_IDENTIFIER = run.nathan.LittleNotes;
				PRODUCT_NAME = "$(TARGET_NAME)";
				SDKROOT = auto;
				SUPPORTED_PLATFORMS = "iphoneos iphonesimulator macosx";
				SWIFT_EMIT_LOC_STRINGS = YES;
				SWIFT_VERSION = 5.0;
				TARGETED_DEVICE_FAMILY = "1,2";
			};
			name = Release;
		};
/* End XCBuildConfiguration section */

/* Begin XCConfigurationList section */
		D875535629200BB4005A908A /* Build configuration list for PBXProject "LittleNotes" */ = {
			isa = XCConfigurationList;
			buildConfigurations = (
				D875536829200BB5005A908A /* Debug */,
				D875536929200BB5005A908A /* Release */,
			);
			defaultConfigurationIsVisible = 0;
			defaultConfigurationName = Release;
		};
		D875536A29200BB5005A908A /* Build configuration list for PBXNativeTarget "LittleNotes" */ = {
			isa = XCConfigurationList;
			buildConfigurations = (
				D875536B29200BB5005A908A /* Debug */,
				D875536C29200BB5005A908A /* Release */,
			);
			defaultConfigurationIsVisible = 0;
			defaultConfigurationName = Release;
		};
/* End XCConfigurationList section */

/* Begin XCSwiftPackageProductDependency section */
		D875537029200C96005A908A /* Replicable */ = {
			isa = XCSwiftPackageProductDependency;
			productName = Replicable;
		};
/* End XCSwiftPackageProductDependency section */
	};
	rootObject = D875535329200BB4005A908A /* Project object */;
}
